
Microsoft Visual Studio Solution File, Format Version 12.00
# Visual Studio 15
VisualStudioVersion = 15.0.27004.2002
MinimumVisualStudioVersion = 10.0.40219.1
Project("{8BC9CEB8-8B4A-11D0-8D11-00A0C91BC942}") = "TestInfoDay", "TestInfoDay\TestInfoDay.vcxproj", "{60DA4C64-362E-40D8-82ED-7F15E1C6F84B}"
EndProject
Global
	GlobalSection(SolutionConfigurationPlatforms) = preSolution
		Debug|x64 = Debug|x64
		Debug|x86 = Debug|x86
		Release|x64 = Release|x64
		Release|x86 = Release|x86
	EndGlobalSection
	GlobalSection(ProjectConfigurationPlatforms) = postSolution
		{60DA4C64-362E-40D8-82ED-7F15E1C6F84B}.Debug|x64.ActiveCfg = Debug|x64
		{60DA4C64-362E-40D8-82ED-7F15E1C6F84B}.Debug|x64.Build.0 = Debug|x64
		{60DA4C64-362E-40D8-82ED-7F15E1C6F84B}.Debug|x86.ActiveCfg = Debug|Win32
		{60DA4C64-362E-40D8-82ED-7F15E1C6F84B}.Debug|x86.Build.0 = Debug|Win32
		{60DA4C64-362E-40D8-82ED-7F15E1C6F84B}.Release|x64.ActiveCfg = Release|x64
		{60DA4C64-362E-40D8-82ED-7F15E1C6F84B}.Release|x64.Build.0 = Release|x64
		{60DA4C64-362E-40D8-82ED-7F15E1C6F84B}.Release|x86.ActiveCfg = Release|Win32
		{60DA4C64-362E-40D8-82ED-7F15E1C6F84B}.Release|x86.Build.0 = Release|Win32
	EndGlobalSection
	GlobalSection(SolutionProperties) = preSolution
		HideSolutionNode = FALSE
	EndGlobalSection
	GlobalSection(ExtensibilityGlobals) = postSolution
		SolutionGuid = {C6B53F67-EBC1-49CD-AB62-A0A80BADCD7E}
	EndGlobalSection
EndGlobal
