
Microsoft Visual Studio Solution File, Format Version 12.00
# Visual Studio 15
VisualStudioVersion = 15.0.27703.2000
MinimumVisualStudioVersion = 10.0.40219.1
Project("{8BC9CEB8-8B4A-11D0-8D11-00A0C91BC942}") = "ConsoleProgram", "ConsoleProgram\ConsoleProgram.vcxproj", "{442FB6FE-3F12-40EE-964E-940B87F4428F}"
EndProject
Global
	GlobalSection(SolutionConfigurationPlatforms) = preSolution
		Debug|x64 = Debug|x64
		Debug|x86 = Debug|x86
		Release|x64 = Release|x64
		Release|x86 = Release|x86
	EndGlobalSection
	GlobalSection(ProjectConfigurationPlatforms) = postSolution
		{442FB6FE-3F12-40EE-964E-940B87F4428F}.Debug|x64.ActiveCfg = Debug|x64
		{442FB6FE-3F12-40EE-964E-940B87F4428F}.Debug|x64.Build.0 = Debug|x64
		{442FB6FE-3F12-40EE-964E-940B87F4428F}.Debug|x86.ActiveCfg = Debug|Win32
		{442FB6FE-3F12-40EE-964E-940B87F4428F}.Debug|x86.Build.0 = Debug|Win32
		{442FB6FE-3F12-40EE-964E-940B87F4428F}.Release|x64.ActiveCfg = Release|x64
		{442FB6FE-3F12-40EE-964E-940B87F4428F}.Release|x64.Build.0 = Release|x64
		{442FB6FE-3F12-40EE-964E-940B87F4428F}.Release|x86.ActiveCfg = Release|Win32
		{442FB6FE-3F12-40EE-964E-940B87F4428F}.Release|x86.Build.0 = Release|Win32
	EndGlobalSection
	GlobalSection(SolutionProperties) = preSolution
		HideSolutionNode = FALSE
	EndGlobalSection
	GlobalSection(ExtensibilityGlobals) = postSolution
		SolutionGuid = {E6253587-F9BC-41CA-9B86-1AE4F50567AA}
	EndGlobalSection
EndGlobal
