
Microsoft Visual Studio Solution File, Format Version 12.00
# Visual Studio 15
VisualStudioVersion = 15.0.27004.2002
MinimumVisualStudioVersion = 10.0.40219.1
Project("{8BC9CEB8-8B4A-11D0-8D11-00A0C91BC942}") = "MistoDnipro", "MistoDnipro\MistoDnipro.vcxproj", "{46F7D85D-12E1-4E8F-BD72-28D0AC5A5465}"
EndProject
Global
	GlobalSection(SolutionConfigurationPlatforms) = preSolution
		Debug|x64 = Debug|x64
		Debug|x86 = Debug|x86
		Release|x64 = Release|x64
		Release|x86 = Release|x86
	EndGlobalSection
	GlobalSection(ProjectConfigurationPlatforms) = postSolution
		{46F7D85D-12E1-4E8F-BD72-28D0AC5A5465}.Debug|x64.ActiveCfg = Debug|x64
		{46F7D85D-12E1-4E8F-BD72-28D0AC5A5465}.Debug|x64.Build.0 = Debug|x64
		{46F7D85D-12E1-4E8F-BD72-28D0AC5A5465}.Debug|x86.ActiveCfg = Debug|Win32
		{46F7D85D-12E1-4E8F-BD72-28D0AC5A5465}.Debug|x86.Build.0 = Debug|Win32
		{46F7D85D-12E1-4E8F-BD72-28D0AC5A5465}.Release|x64.ActiveCfg = Release|x64
		{46F7D85D-12E1-4E8F-BD72-28D0AC5A5465}.Release|x64.Build.0 = Release|x64
		{46F7D85D-12E1-4E8F-BD72-28D0AC5A5465}.Release|x86.ActiveCfg = Release|Win32
		{46F7D85D-12E1-4E8F-BD72-28D0AC5A5465}.Release|x86.Build.0 = Release|Win32
	EndGlobalSection
	GlobalSection(SolutionProperties) = preSolution
		HideSolutionNode = FALSE
	EndGlobalSection
	GlobalSection(ExtensibilityGlobals) = postSolution
		SolutionGuid = {58BDD0E4-6684-4467-BE40-D14EB8575617}
	EndGlobalSection
EndGlobal
