<?xml version="1.0" encoding="utf-8"?>
<Project ToolsVersion="4.0" xmlns="http://schemas.microsoft.com/developer/msbuild/2003">
  <ItemGroup>
    <Filter Include="Source Files">
      <UniqueIdentifier>{4FC737F1-C7A5-4376-A066-2A32D752A2FF}</UniqueIdentifier>
      <Extensions>cpp;c;cc;cxx;def;odl;idl;hpj;bat;asm;asmx</Extensions>
    </Filter>
    <Filter Include="Header Files">
      <UniqueIdentifier>{93995380-89BD-4b04-88EB-625FBE52EBFB}</UniqueIdentifier>
      <Extensions>h;hh;hpp;hxx;hm;inl;inc;xsd</Extensions>
    </Filter>
    <Filter Include="Resource Files">
      <UniqueIdentifier>{67DA6AB6-F800-4c08-8B7A-83BB121AAD01}</UniqueIdentifier>
      <Extensions>rc;ico;cur;bmp;dlg;rc2;rct;bin;rgs;gif;jpg;jpeg;jpe;resx;tiff;tif;png;wav;mfcribbon-ms</Extensions>
    </Filter>
  </ItemGroup>
  <ItemGroup>
    <ClInclude Include="MistoDnipro.h">
      <Filter>Header Files</Filter>
    </ClInclude>
    <ClInclude Include="MistoDniproDlg.h">
      <Filter>Header Files</Filter>
    </ClInclude>
    <ClInclude Include="stdafx.h">
      <Filter>Header Files</Filter>
    </ClInclude>
    <ClInclude Include="targetver.h">
      <Filter>Header Files</Filter>
    </ClInclude>
    <ClInclude Include="resource.h">
      <Filter>Header Files</Filter>
    </ClInclude>
    <ClInclude Include="Okno1.h">
      <Filter>Header Files</Filter>
    </ClInclude>
  </ItemGroup>
  <ItemGroup>
    <ClCompile Include="MistoDnipro.cpp">
      <Filter>Source Files</Filter>
    </ClCompile>
    <ClCompile Include="MistoDniproDlg.cpp">
      <Filter>Source Files</Filter>
    </ClCompile>
    <ClCompile Include="stdafx.cpp">
      <Filter>Source Files</Filter>
    </ClCompile>
    <ClCompile Include="Okno1.cpp">
      <Filter>Source Files</Filter>
    </ClCompile>
  </ItemGroup>
  <ItemGroup>
    <ResourceCompile Include="MistoDnipro.rc">
      <Filter>Resource Files</Filter>
    </ResourceCompile>
  </ItemGroup>
  <ItemGroup>
    <None Include="res\MistoDnipro.rc2">
      <Filter>Resource Files</Filter>
    </None>
  </ItemGroup>
  <ItemGroup>
    <Image Include="res\MistoDnipro.ico">
      <Filter>Resource Files</Filter>
    </Image>
    <Image Include="res\Toolbar.bmp">
      <Filter>Resource Files</Filter>
    </Image>
    <Image Include="res\Toolbar256.bmp">
      <Filter>Resource Files</Filter>
    </Image>
    <Image Include="res\01.BMP">
      <Filter>Resource Files</Filter>
    </Image>
    <Image Include="res\02.BMP">
      <Filter>Resource Files</Filter>
    </Image>
    <Image Include="res\03.BMP">
      <Filter>Resource Files</Filter>
    </Image>
    <Image Include="res\04.BMP">
      <Filter>Resource Files</Filter>
    </Image>
    <Image Include="res\05.BMP">
      <Filter>Resource Files</Filter>
    </Image>
    <Image Include="res\06.BMP">
      <Filter>Resource Files</Filter>
    </Image>
    <Image Include="res\07.BMP">
      <Filter>Resource Files</Filter>
    </Image>
    <Image Include="res\08.BMP">
      <Filter>Resource Files</Filter>
    </Image>
    <Image Include="res\09.BMP">
      <Filter>Resource Files</Filter>
    </Image>
    <Image Include="res\10.BMP">
      <Filter>Resource Files</Filter>
    </Image>
    <Image Include="res\11.BMP">
      <Filter>Resource Files</Filter>
    </Image>
  </ItemGroup>
</Project>