
Microsoft Visual Studio Solution File, Format Version 12.00
# Visual Studio 15
VisualStudioVersion = 15.0.27703.2000
MinimumVisualStudioVersion = 10.0.40219.1
Project("{8BC9CEB8-8B4A-11D0-8D11-00A0C91BC942}") = "Knight", "Knight\Knight.vcxproj", "{AE0DE9D5-8CA1-4D5D-8ACE-65DAFAFF7A15}"
EndProject
Global
	GlobalSection(SolutionConfigurationPlatforms) = preSolution
		Debug|x64 = Debug|x64
		Debug|x86 = Debug|x86
		Release|x64 = Release|x64
		Release|x86 = Release|x86
	EndGlobalSection
	GlobalSection(ProjectConfigurationPlatforms) = postSolution
		{AE0DE9D5-8CA1-4D5D-8ACE-65DAFAFF7A15}.Debug|x64.ActiveCfg = Debug|x64
		{AE0DE9D5-8CA1-4D5D-8ACE-65DAFAFF7A15}.Debug|x64.Build.0 = Debug|x64
		{AE0DE9D5-8CA1-4D5D-8ACE-65DAFAFF7A15}.Debug|x86.ActiveCfg = Debug|Win32
		{AE0DE9D5-8CA1-4D5D-8ACE-65DAFAFF7A15}.Debug|x86.Build.0 = Debug|Win32
		{AE0DE9D5-8CA1-4D5D-8ACE-65DAFAFF7A15}.Release|x64.ActiveCfg = Release|x64
		{AE0DE9D5-8CA1-4D5D-8ACE-65DAFAFF7A15}.Release|x64.Build.0 = Release|x64
		{AE0DE9D5-8CA1-4D5D-8ACE-65DAFAFF7A15}.Release|x86.ActiveCfg = Release|Win32
		{AE0DE9D5-8CA1-4D5D-8ACE-65DAFAFF7A15}.Release|x86.Build.0 = Release|Win32
	EndGlobalSection
	GlobalSection(SolutionProperties) = preSolution
		HideSolutionNode = FALSE
	EndGlobalSection
	GlobalSection(ExtensibilityGlobals) = postSolution
		SolutionGuid = {045FF277-328D-4773-B017-0DF769004628}
	EndGlobalSection
EndGlobal
